
Microsoft Visual Studio Solution File, Format Version 12.00
# Visual Studio Version 16
VisualStudioVersion = 16.0.31424.327
MinimumVisualStudioVersion = 10.0.40219.1
Project("{FAE04EC0-301F-11D3-BF4B-00C04F79EFBC}") = "Grafos", "Grafos\Grafos.csproj", "{B1BF0D82-7568-468A-8F43-91AFB375BF9C}"
EndProject
Global
	GlobalSection(SolutionConfigurationPlatforms) = preSolution
		Debug|Any CPU = Debug|Any CPU
		Release|Any CPU = Release|Any CPU
	EndGlobalSection
	GlobalSection(ProjectConfigurationPlatforms) = postSolution
		{B1BF0D82-7568-468A-8F43-91AFB375BF9C}.Debug|Any CPU.ActiveCfg = Debug|Any CPU
		{B1BF0D82-7568-468A-8F43-91AFB375BF9C}.Debug|Any CPU.Build.0 = Debug|Any CPU
		{B1BF0D82-7568-468A-8F43-91AFB375BF9C}.Release|Any CPU.ActiveCfg = Release|Any CPU
		{B1BF0D82-7568-468A-8F43-91AFB375BF9C}.Release|Any CPU.Build.0 = Release|Any CPU
	EndGlobalSection
	GlobalSection(SolutionProperties) = preSolution
		HideSolutionNode = FALSE
	EndGlobalSection
	GlobalSection(ExtensibilityGlobals) = postSolution
		SolutionGuid = {423C3DA8-F557-4538-A716-4EDA46A9CD91}
	EndGlobalSection
EndGlobal
